
Microsoft Visual Studio Solution File, Format Version 12.00
# Visual Studio 15
VisualStudioVersion = 15.0.28307.539
MinimumVisualStudioVersion = 10.0.40219.1
Project("{FAE04EC0-301F-11D3-BF4B-00C04F79EFBC}") = "SimplestCalculator", "SimplestCalculator\SimplestCalculator.csproj", "{35C7BA88-8166-4FEA-BE1D-ED66324A6CE2}"
EndProject
Project("{FAE04EC0-301F-11D3-BF4B-00C04F79EFBC}") = "SimplestCalculator.UnitTests", "SimplestCalculator.UnitTests\SimplestCalculator.UnitTests.csproj", "{0E23E0AD-7FE7-45EE-A3B2-7E6533889DE0}"
EndProject
Global
	GlobalSection(SolutionConfigurationPlatforms) = preSolution
		Debug|Any CPU = Debug|Any CPU
		Release|Any CPU = Release|Any CPU
	EndGlobalSection
	GlobalSection(ProjectConfigurationPlatforms) = postSolution
		{35C7BA88-8166-4FEA-BE1D-ED66324A6CE2}.Debug|Any CPU.ActiveCfg = Debug|Any CPU
		{35C7BA88-8166-4FEA-BE1D-ED66324A6CE2}.Debug|Any CPU.Build.0 = Debug|Any CPU
		{35C7BA88-8166-4FEA-BE1D-ED66324A6CE2}.Release|Any CPU.ActiveCfg = Release|Any CPU
		{35C7BA88-8166-4FEA-BE1D-ED66324A6CE2}.Release|Any CPU.Build.0 = Release|Any CPU
		{0E23E0AD-7FE7-45EE-A3B2-7E6533889DE0}.Debug|Any CPU.ActiveCfg = Debug|Any CPU
		{0E23E0AD-7FE7-45EE-A3B2-7E6533889DE0}.Debug|Any CPU.Build.0 = Debug|Any CPU
		{0E23E0AD-7FE7-45EE-A3B2-7E6533889DE0}.Release|Any CPU.ActiveCfg = Release|Any CPU
		{0E23E0AD-7FE7-45EE-A3B2-7E6533889DE0}.Release|Any CPU.Build.0 = Release|Any CPU
	EndGlobalSection
	GlobalSection(SolutionProperties) = preSolution
		HideSolutionNode = FALSE
	EndGlobalSection
	GlobalSection(ExtensibilityGlobals) = postSolution
		SolutionGuid = {36C4F2EC-C187-40B7-A141-05E72E5CB237}
	EndGlobalSection
EndGlobal
